{
  "version": "4",
  "redirects": {
    "https://esm.sh/@supabase/supabase-js@2": "https://esm.sh/@supabase/supabase-js@2.108.0"
  },
  "remote": {
    "https://deno.land/std@0.224.0/async/delay.ts": "f90dd685b97c2f142b8069082993e437b1602b8e2561134827eeb7c12b95c499",
    "https://deno.land/std@0.224.0/http/server.ts": "f9313804bf6467a1704f45f76cb6cd0a3396a3b31c316035e6a4c2035d1ea514",
    "https://esm.sh/@google/genai@0.14.1": "73045ac1ff729bf47bde0330ed9332bdc608a23a5bf7ff29c7c72fcaa36dfa84",
    "https://esm.sh/@supabase/supabase-js@2.108.0": "c825db8edcb1570c7ac5f330e39fb4a5f0e616cbad2300e0eaaa49d803c2244b"
  },
  "workspace": {
    "packageJson": {
      "dependencies": [
        "npm:@eslint/js@^9.32.0",
        "npm:@fingerprintjs/fingerprintjs@^4.6.2",
        "npm:@fontsource/inter@^5.2.8",
        "npm:@hookform/resolvers@^3.10.0",
        "npm:@lottiefiles/lottie-player@^2.0.12",
        "npm:@lottiefiles/react-lottie-player@^3.6.0",
        "npm:@radix-ui/react-accordion@^1.2.11",
        "npm:@radix-ui/react-alert-dialog@^1.1.14",
        "npm:@radix-ui/react-aspect-ratio@^1.1.7",
        "npm:@radix-ui/react-avatar@^1.1.10",
        "npm:@radix-ui/react-checkbox@^1.3.2",
        "npm:@radix-ui/react-collapsible@^1.1.11",
        "npm:@radix-ui/react-context-menu@^2.2.15",
        "npm:@radix-ui/react-dialog@^1.1.14",
        "npm:@radix-ui/react-dropdown-menu@^2.1.15",
        "npm:@radix-ui/react-hover-card@^1.1.14",
        "npm:@radix-ui/react-label@^2.1.7",
        "npm:@radix-ui/react-menubar@^1.1.15",
        "npm:@radix-ui/react-navigation-menu@^1.2.13",
        "npm:@radix-ui/react-popover@^1.1.14",
        "npm:@radix-ui/react-progress@^1.1.7",
        "npm:@radix-ui/react-radio-group@^1.3.7",
        "npm:@radix-ui/react-scroll-area@^1.2.9",
        "npm:@radix-ui/react-select@^2.2.5",
        "npm:@radix-ui/react-separator@^1.1.7",
        "npm:@radix-ui/react-slider@^1.3.5",
        "npm:@radix-ui/react-slot@^1.2.3",
        "npm:@radix-ui/react-switch@^1.2.5",
        "npm:@radix-ui/react-tabs@^1.1.12",
        "npm:@radix-ui/react-toast@^1.2.14",
        "npm:@radix-ui/react-toggle-group@^1.1.10",
        "npm:@radix-ui/react-toggle@^1.1.9",
        "npm:@radix-ui/react-tooltip@^1.2.7",
        "npm:@supabase/supabase-js@^2.106.1",
        "npm:@tailwindcss/typography@~0.5.16",
        "npm:@tanstack/react-query@^5.83.0",
        "npm:@testing-library/jest-dom@^6.6.0",
        "npm:@testing-library/react@16",
        "npm:@types/leaflet@^1.9.21",
        "npm:@types/node@^22.16.5",
        "npm:@types/p5@^1.7.7",
        "npm:@types/react-dom@^18.3.7",
        "npm:@types/react@^18.3.23",
        "npm:@vitejs/plugin-react-swc@^3.11.0",
        "npm:autoprefixer@^10.4.21",
        "npm:axios@^1.16.1",
        "npm:browser-image-compression@^2.0.2",
        "npm:canvas-confetti@^1.9.4",
        "npm:class-variance-authority@~0.7.1",
        "npm:clsx@^2.1.1",
        "npm:cmdk@^1.1.1",
        "npm:cross-env@^10.1.0",
        "npm:date-fns@^3.6.0",
        "npm:dotenv@^17.4.2",
        "npm:embla-carousel-react@^8.6.0",
        "npm:eslint-plugin-react-hooks@^5.2.0",
        "npm:eslint-plugin-react-refresh@~0.4.20",
        "npm:eslint@^9.32.0",
        "npm:flag-icons@^7.5.0",
        "npm:framer-motion@^12.38.0",
        "npm:globals@^15.15.0",
        "npm:groq-sdk@0.15",
        "npm:html-to-image@^1.11.13",
        "npm:html5-qrcode@^2.3.8",
        "npm:i18next@^26.0.9",
        "npm:input-otp@^1.4.2",
        "npm:jsdom@^29.1.1",
        "npm:jspdf-autotable@^5.0.8",
        "npm:jspdf@^4.2.1",
        "npm:leaflet@^1.9.4",
        "npm:lovable-tagger@^1.1.13",
        "npm:lucide-react@0.462",
        "npm:next-themes@0.3",
        "npm:node-fetch@^3.3.2",
        "npm:nodemailer@^8.0.8",
        "npm:opentype.js@2",
        "npm:p5@^2.2.3",
        "npm:postcss@^8.5.6",
        "npm:qrcode@^1.5.4",
        "npm:react-day-picker@^8.10.1",
        "npm:react-dom@^18.3.1",
        "npm:react-hook-form@^7.61.1",
        "npm:react-i18next@^17.0.6",
        "npm:react-leaflet@^4.2.1",
        "npm:react-markdown@^10.1.0",
        "npm:react-resizable-panels@^2.1.9",
        "npm:react-router-dom@^6.30.1",
        "npm:react@^18.3.1",
        "npm:recharts@^2.15.4",
        "npm:remark-breaks@4",
        "npm:sharp@~0.34.5",
        "npm:sonner@^1.7.4",
        "npm:swiper@^12.1.3",
        "npm:tailwind-merge@^2.6.0",
        "npm:tailwindcss-animate@^1.0.7",
        "npm:tailwindcss@^3.4.17",
        "npm:three@0.184",
        "npm:tsx@^4.21.0",
        "npm:typescript-eslint@^8.38.0",
        "npm:typescript@^5.8.3",
        "npm:vanta@~0.5.24",
        "npm:vaul@~0.9.9",
        "npm:vite@^5.4.19",
        "npm:vitest@^3.2.4",
        "npm:zod@^3.25.76"
      ]
    }
  }
}
